// !$*UTF8*$!
{
	archiveVersion = 1;
	classes = {
	};
	objectVersion = 55;
	objects = {

/* Begin PBXBuildFile section */
		996E6231276E66A70062FD81 /* AppDelegate.swift in Sources */ = {isa = PBXBuildFile; fileRef = 996E6230276E66A70062FD81 /* AppDelegate.swift */; };
		996E6233276E66A70062FD81 /* SceneDelegate.swift in Sources */ = {isa = PBXBuildFile; fileRef = 996E6232276E66A70062FD81 /* SceneDelegate.swift */; };
		996E6235276E66A70062FD81 /* ViewController.swift in Sources */ = {isa = PBXBuildFile; fileRef = 996E6234276E66A70062FD81 /* ViewController.swift */; };
		996E6238276E66A70062FD81 /* Main.storyboard in Resources */ = {isa = PBXBuildFile; fileRef = 996E6236276E66A70062FD81 /* Main.storyboard */; };
		996E623B276E66A70062FD81 /* Telegram_Music.xcdatamodeld in Sources */ = {isa = PBXBuildFile; fileRef = 996E6239276E66A70062FD81 /* Telegram_Music.xcdatamodeld */; };
		996E623D276E66A70062FD81 /* Assets.xcassets in Resources */ = {isa = PBXBuildFile; fileRef = 996E623C276E66A70062FD81 /* Assets.xcassets */; };
		996E6240276E66A70062FD81 /* LaunchScreen.storyboard in Resources */ = {isa = PBXBuildFile; fileRef = 996E623E276E66A70062FD81 /* LaunchScreen.storyboard */; };
		996E624B276E66A70062FD81 /* Telegram_MusicTests.swift in Sources */ = {isa = PBXBuildFile; fileRef = 996E624A276E66A70062FD81 /* Telegram_MusicTests.swift */; };
		996E6255276E66A70062FD81 /* Telegram_MusicUITests.swift in Sources */ = {isa = PBXBuildFile; fileRef = 996E6254276E66A70062FD81 /* Telegram_MusicUITests.swift */; };
		996E6257276E66A70062FD81 /* Telegram_MusicUITestsLaunchTests.swift in Sources */ = {isa = PBXBuildFile; fileRef = 996E6256276E66A70062FD81 /* Telegram_MusicUITestsLaunchTests.swift */; };
/* End PBXBuildFile section */

/* Begin PBXContainerItemProxy section */
		996E6247276E66A70062FD81 /* PBXContainerItemProxy */ = {
			isa = PBXContainerItemProxy;
			containerPortal = 996E6225276E66A70062FD81 /* Project object */;
			proxyType = 1;
			remoteGlobalIDString = 996E622C276E66A70062FD81;
			remoteInfo = "Telegram Music";
		};
		996E6251276E66A70062FD81 /* PBXContainerItemProxy */ = {
			isa = PBXContainerItemProxy;
			containerPortal = 996E6225276E66A70062FD81 /* Project object */;
			proxyType = 1;
			remoteGlobalIDString = 996E622C276E66A70062FD81;
			remoteInfo = "Telegram Music";
		};
/* End PBXContainerItemProxy section */

/* Begin PBXFileReference section */
		996E622D276E66A70062FD81 /* Telegram Music.app */ = {isa = PBXFileReference; explicitFileType = wrapper.application; includeInIndex = 0; path = "Telegram Music.app"; sourceTree = BUILT_PRODUCTS_DIR; };
		996E6230276E66A70062FD81 /* AppDelegate.swift */ = {isa = PBXFileReference; lastKnownFileType = sourcecode.swift; path = AppDelegate.swift; sourceTree = "<group>"; };
		996E6232276E66A70062FD81 /* SceneDelegate.swift */ = {isa = PBXFileReference; lastKnownFileType = sourcecode.swift; path = SceneDelegate.swift; sourceTree = "<group>"; };
		996E6234276E66A70062FD81 /* ViewController.swift */ = {isa = PBXFileReference; lastKnownFileType = sourcecode.swift; path = ViewController.swift; sourceTree = "<group>"; };
		996E6237276E66A70062FD81 /* Base */ = {isa = PBXFileReference; lastKnownFileType = file.storyboard; name = Base; path = Base.lproj/Main.storyboard; sourceTree = "<group>"; };
		996E623A276E66A70062FD81 /* Telegram_Music.xcdatamodel */ = {isa = PBXFileReference; lastKnownFileType = wrapper.xcdatamodel; path = Telegram_Music.xcdatamodel; sourceTree = "<group>"; };
		996E623C276E66A70062FD81 /* Assets.xcassets */ = {isa = PBXFileReference; lastKnownFileType = folder.assetcatalog; path = Assets.xcassets; sourceTree = "<group>"; };
		996E623F276E66A70062FD81 /* Base */ = {isa = PBXFileReference; lastKnownFileType = file.storyboard; name = Base; path = Base.lproj/LaunchScreen.storyboard; sourceTree = "<group>"; };
		996E6241276E66A70062FD81 /* Info.plist */ = {isa = PBXFileReference; lastKnownFileType = text.plist.xml; path = Info.plist; sourceTree = "<group>"; };
		996E6246276E66A70062FD81 /* Telegram MusicTests.xctest */ = {isa = PBXFileReference; explicitFileType = wrapper.cfbundle; includeInIndex = 0; path = "Telegram MusicTests.xctest"; sourceTree = BUILT_PRODUCTS_DIR; };
		996E624A276E66A70062FD81 /* Telegram_MusicTests.swift */ = {isa = PBXFileReference; lastKnownFileType = sourcecode.swift; path = Telegram_MusicTests.swift; sourceTree = "<group>"; };
		996E6250276E66A70062FD81 /* Telegram MusicUITests.xctest */ = {isa = PBXFileReference; explicitFileType = wrapper.cfbundle; includeInIndex = 0; path = "Telegram MusicUITests.xctest"; sourceTree = BUILT_PRODUCTS_DIR; };
		996E6254276E66A70062FD81 /* Telegram_MusicUITests.swift */ = {isa = PBXFileReference; lastKnownFileType = sourcecode.swift; path = Telegram_MusicUITests.swift; sourceTree = "<group>"; };
		996E6256276E66A70062FD81 /* Telegram_MusicUITestsLaunchTests.swift */ = {isa = PBXFileReference; lastKnownFileType = sourcecode.swift; path = Telegram_MusicUITestsLaunchTests.swift; sourceTree = "<group>"; };
/* End PBXFileReference section */

/* Begin PBXFrameworksBuildPhase section */
		996E622A276E66A70062FD81 /* Frameworks */ = {
			isa = PBXFrameworksBuildPhase;
			buildActionMask = 2147483647;
			files = (
			);
			runOnlyForDeploymentPostprocessing = 0;
		};
		996E6243276E66A70062FD81 /* Frameworks */ = {
			isa = PBXFrameworksBuildPhase;
			buildActionMask = 2147483647;
			files = (
			);
			runOnlyForDeploymentPostprocessing = 0;
		};
		996E624D276E66A70062FD81 /* Frameworks */ = {
			isa = PBXFrameworksBuildPhase;
			buildActionMask = 2147483647;
			files = (
			);
			runOnlyForDeploymentPostprocessing = 0;
		};
/* End PBXFrameworksBuildPhase section */

/* Begin PBXGroup section */
		996E6224276E66A70062FD81 = {
			isa = PBXGroup;
			children = (
				996E622F276E66A70062FD81 /* Telegram Music */,
				996E6249276E66A70062FD81 /* Telegram MusicTests */,
				996E6253276E66A70062FD81 /* Telegram MusicUITests */,
				996E622E276E66A70062FD81 /* Products */,
			);
			sourceTree = "<group>";
		};
		996E622E276E66A70062FD81 /* Products */ = {
			isa = PBXGroup;
			children = (
				996E622D276E66A70062FD81 /* Telegram Music.app */,
				996E6246276E66A70062FD81 /* Telegram MusicTests.xctest */,
				996E6250276E66A70062FD81 /* Telegram MusicUITests.xctest */,
			);
			name = Products;
			sourceTree = "<group>";
		};
		996E622F276E66A70062FD81 /* Telegram Music */ = {
			isa = PBXGroup;
			children = (
				996E6230276E66A70062FD81 /* AppDelegate.swift */,
				996E6232276E66A70062FD81 /* SceneDelegate.swift */,
				996E6234276E66A70062FD81 /* ViewController.swift */,
				996E6236276E66A70062FD81 /* Main.storyboard */,
				996E623C276E66A70062FD81 /* Assets.xcassets */,
				996E623E276E66A70062FD81 /* LaunchScreen.storyboard */,
				996E6241276E66A70062FD81 /* Info.plist */,
				996E6239276E66A70062FD81 /* Telegram_Music.xcdatamodeld */,
			);
			path = "Telegram Music";
			sourceTree = "<group>";
		};
		996E6249276E66A70062FD81 /* Telegram MusicTests */ = {
			isa = PBXGroup;
			children = (
				996E624A276E66A70062FD81 /* Telegram_MusicTests.swift */,
			);
			path = "Telegram MusicTests";
			sourceTree = "<group>";
		};
		996E6253276E66A70062FD81 /* Telegram MusicUITests */ = {
			isa = PBXGroup;
			children = (
				996E6254276E66A70062FD81 /* Telegram_MusicUITests.swift */,
				996E6256276E66A70062FD81 /* Telegram_MusicUITestsLaunchTests.swift */,
			);
			path = "Telegram MusicUITests";
			sourceTree = "<group>";
		};
/* End PBXGroup section */

/* Begin PBXNativeTarget section */
		996E622C276E66A70062FD81 /* Telegram Music */ = {
			isa = PBXNativeTarget;
			buildConfigurationList = 996E625A276E66A70062FD81 /* Build configuration list for PBXNativeTarget "Telegram Music" */;
			buildPhases = (
				996E6229276E66A70062FD81 /* Sources */,
				996E622A276E66A70062FD81 /* Frameworks */,
				996E622B276E66A70062FD81 /* Resources */,
			);
			buildRules = (
			);
			dependencies = (
			);
			name = "Telegram Music";
			productName = "Telegram Music";
			productReference = 996E622D276E66A70062FD81 /* Telegram Music.app */;
			productType = "com.apple.product-type.application";
		};
		996E6245276E66A70062FD81 /* Telegram MusicTests */ = {
			isa = PBXNativeTarget;
			buildConfigurationList = 996E625D276E66A70062FD81 /* Build configuration list for PBXNativeTarget "Telegram MusicTests" */;
			buildPhases = (
				996E6242276E66A70062FD81 /* Sources */,
				996E6243276E66A70062FD81 /* Frameworks */,
				996E6244276E66A70062FD81 /* Resources */,
			);
			buildRules = (
			);
			dependencies = (
				996E6248276E66A70062FD81 /* PBXTargetDependency */,
			);
			name = "Telegram MusicTests";
			productName = "Telegram MusicTests";
			productReference = 996E6246276E66A70062FD81 /* Telegram MusicTests.xctest */;
			productType = "com.apple.product-type.bundle.unit-test";
		};
		996E624F276E66A70062FD81 /* Telegram MusicUITests */ = {
			isa = PBXNativeTarget;
			buildConfigurationList = 996E6260276E66A70062FD81 /* Build configuration list for PBXNativeTarget "Telegram MusicUITests" */;
			buildPhases = (
				996E624C276E66A70062FD81 /* Sources */,
				996E624D276E66A70062FD81 /* Frameworks */,
				996E624E276E66A70062FD81 /* Resources */,
			);
			buildRules = (
			);
			dependencies = (
				996E6252276E66A70062FD81 /* PBXTargetDependency */,
			);
			name = "Telegram MusicUITests";
			productName = "Telegram MusicUITests";
			productReference = 996E6250276E66A70062FD81 /* Telegram MusicUITests.xctest */;
			productType = "com.apple.product-type.bundle.ui-testing";
		};
/* End PBXNativeTarget section */

/* Begin PBXProject section */
		996E6225276E66A70062FD81 /* Project object */ = {
			isa = PBXProject;
			attributes = {
				BuildIndependentTargetsInParallel = 1;
				LastSwiftUpdateCheck = 1320;
				LastUpgradeCheck = 1320;
				TargetAttributes = {
					996E622C276E66A70062FD81 = {
						CreatedOnToolsVersion = 13.2.1;
					};
					996E6245276E66A70062FD81 = {
						CreatedOnToolsVersion = 13.2.1;
						TestTargetID = 996E622C276E66A70062FD81;
					};
					996E624F276E66A70062FD81 = {
						CreatedOnToolsVersion = 13.2.1;
						TestTargetID = 996E622C276E66A70062FD81;
					};
				};
			};
			buildConfigurationList = 996E6228276E66A70062FD81 /* Build configuration list for PBXProject "Telegram Music" */;
			compatibilityVersion = "Xcode 13.0";
			developmentRegion = en;
			hasScannedForEncodings = 0;
			knownRegions = (
				en,
				Base,
			);
			mainGroup = 996E6224276E66A70062FD81;
			productRefGroup = 996E622E276E66A70062FD81 /* Products */;
			projectDirPath = "";
			projectRoot = "";
			targets = (
				996E622C276E66A70062FD81 /* Telegram Music */,
				996E6245276E66A70062FD81 /* Telegram MusicTests */,
				996E624F276E66A70062FD81 /* Telegram MusicUITests */,
			);
		};
/* End PBXProject section */

/* Begin PBXResourcesBuildPhase section */
		996E622B276E66A70062FD81 /* Resources */ = {
			isa = PBXResourcesBuildPhase;
			buildActionMask = 2147483647;
			files = (
				996E6240276E66A70062FD81 /* LaunchScreen.storyboard in Resources */,
				996E623D276E66A70062FD81 /* Assets.xcassets in Resources */,
				996E6238276E66A70062FD81 /* Main.storyboard in Resources */,
			);
			runOnlyForDeploymentPostprocessing = 0;
		};
		996E6244276E66A70062FD81 /* Resources */ = {
			isa = PBXResourcesBuildPhase;
			buildActionMask = 2147483647;
			files = (
			);
			runOnlyForDeploymentPostprocessing = 0;
		};
		996E624E276E66A70062FD81 /* Resources */ = {
			isa = PBXResourcesBuildPhase;
			buildActionMask = 2147483647;
			files = (
			);
			runOnlyForDeploymentPostprocessing = 0;
		};
/* End PBXResourcesBuildPhase section */

/* Begin PBXSourcesBuildPhase section */
		996E6229276E66A70062FD81 /* Sources */ = {
			isa = PBXSourcesBuildPhase;
			buildActionMask = 2147483647;
			files = (
				996E623B276E66A70062FD81 /* Telegram_Music.xcdatamodeld in Sources */,
				996E6235276E66A70062FD81 /* ViewController.swift in Sources */,
				996E6231276E66A70062FD81 /* AppDelegate.swift in Sources */,
				996E6233276E66A70062FD81 /* SceneDelegate.swift in Sources */,
			);
			runOnlyForDeploymentPostprocessing = 0;
		};
		996E6242276E66A70062FD81 /* Sources */ = {
			isa = PBXSourcesBuildPhase;
			buildActionMask = 2147483647;
			files = (
				996E624B276E66A70062FD81 /* Telegram_MusicTests.swift in Sources */,
			);
			runOnlyForDeploymentPostprocessing = 0;
		};
		996E624C276E66A70062FD81 /* Sources */ = {
			isa = PBXSourcesBuildPhase;
			buildActionMask = 2147483647;
			files = (
				996E6255276E66A70062FD81 /* Telegram_MusicUITests.swift in Sources */,
				996E6257276E66A70062FD81 /* Telegram_MusicUITestsLaunchTests.swift in Sources */,
			);
			runOnlyForDeploymentPostprocessing = 0;
		};
/* End PBXSourcesBuildPhase section */

/* Begin PBXTargetDependency section */
		996E6248276E66A70062FD81 /* PBXTargetDependency */ = {
			isa = PBXTargetDependency;
			target = 996E622C276E66A70062FD81 /* Telegram Music */;
			targetProxy = 996E6247276E66A70062FD81 /* PBXContainerItemProxy */;
		};
		996E6252276E66A70062FD81 /* PBXTargetDependency */ = {
			isa = PBXTargetDependency;
			target = 996E622C276E66A70062FD81 /* Telegram Music */;
			targetProxy = 996E6251276E66A70062FD81 /* PBXContainerItemProxy */;
		};
/* End PBXTargetDependency section */

/* Begin PBXVariantGroup section */
		996E6236276E66A70062FD81 /* Main.storyboard */ = {
			isa = PBXVariantGroup;
			children = (
				996E6237276E66A70062FD81 /* Base */,
			);
			name = Main.storyboard;
			sourceTree = "<group>";
		};
		996E623E276E66A70062FD81 /* LaunchScreen.storyboard */ = {
			isa = PBXVariantGroup;
			children = (
				996E623F276E66A70062FD81 /* Base */,
			);
			name = LaunchScreen.storyboard;
			sourceTree = "<group>";
		};
/* End PBXVariantGroup section */

/* Begin XCBuildConfiguration section */
		996E6258276E66A70062FD81 /* Debug */ = {
			isa = XCBuildConfiguration;
			buildSettings = {
				ALWAYS_SEARCH_USER_PATHS = NO;
				CLANG_ANALYZER_NONNULL = YES;
				CLANG_ANALYZER_NUMBER_OBJECT_CONVERSION = YES_AGGRESSIVE;
				CLANG_CXX_LANGUAGE_STANDARD = "gnu++17";
				CLANG_CXX_LIBRARY = "libc++";
				CLANG_ENABLE_MODULES = YES;
				CLANG_ENABLE_OBJC_ARC = YES;
				CLANG_ENABLE_OBJC_WEAK = YES;
				CLANG_WARN_BLOCK_CAPTURE_AUTORELEASING = YES;
				CLANG_WARN_BOOL_CONVERSION = YES;
				CLANG_WARN_COMMA = YES;
				CLANG_WARN_CONSTANT_CONVERSION = YES;
				CLANG_WARN_DEPRECATED_OBJC_IMPLEMENTATIONS = YES;
				CLANG_WARN_DIRECT_OBJC_ISA_USAGE = YES_ERROR;
				CLANG_WARN_DOCUMENTATION_COMMENTS = YES;
				CLANG_WARN_EMPTY_BODY = YES;
				CLANG_WARN_ENUM_CONVERSION = YES;
				CLANG_WARN_INFINITE_RECURSION = YES;
				CLANG_WARN_INT_CONVERSION = YES;
				CLANG_WARN_NON_LITERAL_NULL_CONVERSION = YES;
				CLANG_WARN_OBJC_IMPLICIT_RETAIN_SELF = YES;
				CLANG_WARN_OBJC_LITERAL_CONVERSION = YES;
				CLANG_WARN_OBJC_ROOT_CLASS = YES_ERROR;
				CLANG_WARN_QUOTED_INCLUDE_IN_FRAMEWORK_HEADER = YES;
				CLANG_WARN_RANGE_LOOP_ANALYSIS = YES;
				CLANG_WARN_STRICT_PROTOTYPES = YES;
				CLANG_WARN_SUSPICIOUS_MOVE = YES;
				CLANG_WARN_UNGUARDED_AVAILABILITY = YES_AGGRESSIVE;
				CLANG_WARN_UNREACHABLE_CODE = YES;
				CLANG_WARN__DUPLICATE_METHOD_MATCH = YES;
				COPY_PHASE_STRIP = NO;
				DEBUG_INFORMATION_FORMAT = dwarf;
				ENABLE_STRICT_OBJC_MSGSEND = YES;
				ENABLE_TESTABILITY = YES;
				GCC_C_LANGUAGE_STANDARD = gnu11;
				GCC_DYNAMIC_NO_PIC = NO;
				GCC_NO_COMMON_BLOCKS = YES;
				GCC_OPTIMIZATION_LEVEL = 0;
				GCC_PREPROCESSOR_DEFINITIONS = (
					"DEBUG=1",
					"$(inherited)",
				);
				GCC_WARN_64_TO_32_BIT_CONVERSION = YES;
				GCC_WARN_ABOUT_RETURN_TYPE = YES_ERROR;
				GCC_WARN_UNDECLARED_SELECTOR = YES;
				GCC_WARN_UNINITIALIZED_AUTOS = YES_AGGRESSIVE;
				GCC_WARN_UNUSED_FUNCTION = YES;
				GCC_WARN_UNUSED_VARIABLE = YES;
				IPHONEOS_DEPLOYMENT_TARGET = 15.2;
				MTL_ENABLE_DEBUG_INFO = INCLUDE_SOURCE;
				MTL_FAST_MATH = YES;
				ONLY_ACTIVE_ARCH = YES;
				SDKROOT = iphoneos;
				SWIFT_ACTIVE_COMPILATION_CONDITIONS = DEBUG;
				SWIFT_OPTIMIZATION_LEVEL = "-Onone";
			};
			name = Debug;
		};
		996E6259276E66A70062FD81 /* Release */ = {
			isa = XCBuildConfiguration;
			buildSettings = {
				ALWAYS_SEARCH_USER_PATHS = NO;
				CLANG_ANALYZER_NONNULL = YES;
				CLANG_ANALYZER_NUMBER_OBJECT_CONVERSION = YES_AGGRESSIVE;
				CLANG_CXX_LANGUAGE_STANDARD = "gnu++17";
				CLANG_CXX_LIBRARY = "libc++";
				CLANG_ENABLE_MODULES = YES;
				CLANG_ENABLE_OBJC_ARC = YES;
				CLANG_ENABLE_OBJC_WEAK = YES;
				CLANG_WARN_BLOCK_CAPTURE_AUTORELEASING = YES;
				CLANG_WARN_BOOL_CONVERSION = YES;
				CLANG_WARN_COMMA = YES;
				CLANG_WARN_CONSTANT_CONVERSION = YES;
				CLANG_WARN_DEPRECATED_OBJC_IMPLEMENTATIONS = YES;
				CLANG_WARN_DIRECT_OBJC_ISA_USAGE = YES_ERROR;
				CLANG_WARN_DOCUMENTATION_COMMENTS = YES;
				CLANG_WARN_EMPTY_BODY = YES;
				CLANG_WARN_ENUM_CONVERSION = YES;
				CLANG_WARN_INFINITE_RECURSION = YES;
				CLANG_WARN_INT_CONVERSION = YES;
				CLANG_WARN_NON_LITERAL_NULL_CONVERSION = YES;
				CLANG_WARN_OBJC_IMPLICIT_RETAIN_SELF = YES;
				CLANG_WARN_OBJC_LITERAL_CONVERSION = YES;
				CLANG_WARN_OBJC_ROOT_CLASS = YES_ERROR;
				CLANG_WARN_QUOTED_INCLUDE_IN_FRAMEWORK_HEADER = YES;
				CLANG_WARN_RANGE_LOOP_ANALYSIS = YES;
				CLANG_WARN_STRICT_PROTOTYPES = YES;
				CLANG_WARN_SUSPICIOUS_MOVE = YES;
				CLANG_WARN_UNGUARDED_AVAILABILITY = YES_AGGRESSIVE;
				CLANG_WARN_UNREACHABLE_CODE = YES;
				CLANG_WARN__DUPLICATE_METHOD_MATCH = YES;
				COPY_PHASE_STRIP = NO;
				DEBUG_INFORMATION_FORMAT = "dwarf-with-dsym";
				ENABLE_NS_ASSERTIONS = NO;
				ENABLE_STRICT_OBJC_MSGSEND = YES;
				GCC_C_LANGUAGE_STANDARD = gnu11;
				GCC_NO_COMMON_BLOCKS = YES;
				GCC_WARN_64_TO_32_BIT_CONVERSION = YES;
				GCC_WARN_ABOUT_RETURN_TYPE = YES_ERROR;
				GCC_WARN_UNDECLARED_SELECTOR = YES;
				GCC_WARN_UNINITIALIZED_AUTOS = YES_AGGRESSIVE;
				GCC_WARN_UNUSED_FUNCTION = YES;
				GCC_WARN_UNUSED_VARIABLE = YES;
				IPHONEOS_DEPLOYMENT_TARGET = 15.2;
				MTL_ENABLE_DEBUG_INFO = NO;
				MTL_FAST_MATH = YES;
				SDKROOT = iphoneos;
				SWIFT_COMPILATION_MODE = wholemodule;
				SWIFT_OPTIMIZATION_LEVEL = "-O";
				VALIDATE_PRODUCT = YES;
			};
			name = Release;
		};
		996E625B276E66A70062FD81 /* Debug */ = {
			isa = XCBuildConfiguration;
			buildSettings = {
				ASSETCATALOG_COMPILER_APPICON_NAME = AppIcon;
				ASSETCATALOG_COMPILER_GLOBAL_ACCENT_COLOR_NAME = AccentColor;
				CODE_SIGN_STYLE = Automatic;
				CURRENT_PROJECT_VERSION = 1;
				DEVELOPMENT_TEAM = NK28QT38A3;
				GENERATE_INFOPLIST_FILE = YES;
				INFOPLIST_FILE = "Telegram Music/Info.plist";
				INFOPLIST_KEY_UIApplicationSupportsIndirectInputEvents = YES;
				INFOPLIST_KEY_UILaunchStoryboardName = LaunchScreen;
				INFOPLIST_KEY_UIMainStoryboardFile = Main;
				INFOPLIST_KEY_UISupportedInterfaceOrientations_iPad = "UIInterfaceOrientationPortrait UIInterfaceOrientationPortraitUpsideDown UIInterfaceOrientationLandscapeLeft UIInterfaceOrientationLandscapeRight";
				INFOPLIST_KEY_UISupportedInterfaceOrientations_iPhone = "UIInterfaceOrientationPortrait UIInterfaceOrientationLandscapeLeft UIInterfaceOrientationLandscapeRight";
				LD_RUNPATH_SEARCH_PATHS = (
					"$(inherited)",
					"@executable_path/Frameworks",
				);
				MARKETING_VERSION = 1.0;
				PRODUCT_BUNDLE_IDENTIFIER = "izzyLabs.Telegram-Music";
				PRODUCT_NAME = "$(TARGET_NAME)";
				SWIFT_EMIT_LOC_STRINGS = YES;
				SWIFT_VERSION = 5.0;
				TARGETED_DEVICE_FAMILY = "1,2";
			};
			name = Debug;
		};
		996E625C276E66A70062FD81 /* Release */ = {
			isa = XCBuildConfiguration;
			buildSettings = {
				ASSETCATALOG_COMPILER_APPICON_NAME = AppIcon;
				ASSETCATALOG_COMPILER_GLOBAL_ACCENT_COLOR_NAME = AccentColor;
				CODE_SIGN_STYLE = Automatic;
				CURRENT_PROJECT_VERSION = 1;
				DEVELOPMENT_TEAM = NK28QT38A3;
				GENERATE_INFOPLIST_FILE = YES;
				INFOPLIST_FILE = "Telegram Music/Info.plist";
				INFOPLIST_KEY_UIApplicationSupportsIndirectInputEvents = YES;
				INFOPLIST_KEY_UILaunchStoryboardName = LaunchScreen;
				INFOPLIST_KEY_UIMainStoryboardFile = Main;
				INFOPLIST_KEY_UISupportedInterfaceOrientations_iPad = "UIInterfaceOrientationPortrait UIInterfaceOrientationPortraitUpsideDown UIInterfaceOrientationLandscapeLeft UIInterfaceOrientationLandscapeRight";
				INFOPLIST_KEY_UISupportedInterfaceOrientations_iPhone = "UIInterfaceOrientationPortrait UIInterfaceOrientationLandscapeLeft UIInterfaceOrientationLandscapeRight";
				LD_RUNPATH_SEARCH_PATHS = (
					"$(inherited)",
					"@executable_path/Frameworks",
				);
				MARKETING_VERSION = 1.0;
				PRODUCT_BUNDLE_IDENTIFIER = "izzyLabs.Telegram-Music";
				PRODUCT_NAME = "$(TARGET_NAME)";
				SWIFT_EMIT_LOC_STRINGS = YES;
				SWIFT_VERSION = 5.0;
				TARGETED_DEVICE_FAMILY = "1,2";
			};
			name = Release;
		};
		996E625E276E66A70062FD81 /* Debug */ = {
			isa = XCBuildConfiguration;
			buildSettings = {
				ALWAYS_EMBED_SWIFT_STANDARD_LIBRARIES = YES;
				BUNDLE_LOADER = "$(TEST_HOST)";
				CODE_SIGN_STYLE = Automatic;
				CURRENT_PROJECT_VERSION = 1;
				DEVELOPMENT_TEAM = NK28QT38A3;
				GENERATE_INFOPLIST_FILE = YES;
				IPHONEOS_DEPLOYMENT_TARGET = 15.2;
				MARKETING_VERSION = 1.0;
				PRODUCT_BUNDLE_IDENTIFIER = "izzyLabs.Telegram-MusicTests";
				PRODUCT_NAME = "$(TARGET_NAME)";
				SWIFT_EMIT_LOC_STRINGS = NO;
				SWIFT_VERSION = 5.0;
				TARGETED_DEVICE_FAMILY = "1,2";
				TEST_HOST = "$(BUILT_PRODUCTS_DIR)/Telegram Music.app/Telegram Music";
			};
			name = Debug;
		};
		996E625F276E66A70062FD81 /* Release */ = {
			isa = XCBuildConfiguration;
			buildSettings = {
				ALWAYS_EMBED_SWIFT_STANDARD_LIBRARIES = YES;
				BUNDLE_LOADER = "$(TEST_HOST)";
				CODE_SIGN_STYLE = Automatic;
				CURRENT_PROJECT_VERSION = 1;
				DEVELOPMENT_TEAM = NK28QT38A3;
				GENERATE_INFOPLIST_FILE = YES;
				IPHONEOS_DEPLOYMENT_TARGET = 15.2;
				MARKETING_VERSION = 1.0;
				PRODUCT_BUNDLE_IDENTIFIER = "izzyLabs.Telegram-MusicTests";
				PRODUCT_NAME = "$(TARGET_NAME)";
				SWIFT_EMIT_LOC_STRINGS = NO;
				SWIFT_VERSION = 5.0;
				TARGETED_DEVICE_FAMILY = "1,2";
				TEST_HOST = "$(BUILT_PRODUCTS_DIR)/Telegram Music.app/Telegram Music";
			};
			name = Release;
		};
		996E6261276E66A70062FD81 /* Debug */ = {
			isa = XCBuildConfiguration;
			buildSettings = {
				ALWAYS_EMBED_SWIFT_STANDARD_LIBRARIES = YES;
				CODE_SIGN_STYLE = Automatic;
				CURRENT_PROJECT_VERSION = 1;
				DEVELOPMENT_TEAM = NK28QT38A3;
				GENERATE_INFOPLIST_FILE = YES;
				MARKETING_VERSION = 1.0;
				PRODUCT_BUNDLE_IDENTIFIER = "izzyLabs.Telegram-MusicUITests";
				PRODUCT_NAME = "$(TARGET_NAME)";
				SWIFT_EMIT_LOC_STRINGS = NO;
				SWIFT_VERSION = 5.0;
				TARGETED_DEVICE_FAMILY = "1,2";
				TEST_TARGET_NAME = "Telegram Music";
			};
			name = Debug;
		};
		996E6262276E66A70062FD81 /* Release */ = {
			isa = XCBuildConfiguration;
			buildSettings = {
				ALWAYS_EMBED_SWIFT_STANDARD_LIBRARIES = YES;
				CODE_SIGN_STYLE = Automatic;
				CURRENT_PROJECT_VERSION = 1;
				DEVELOPMENT_TEAM = NK28QT38A3;
				GENERATE_INFOPLIST_FILE = YES;
				MARKETING_VERSION = 1.0;
				PRODUCT_BUNDLE_IDENTIFIER = "izzyLabs.Telegram-MusicUITests";
				PRODUCT_NAME = "$(TARGET_NAME)";
				SWIFT_EMIT_LOC_STRINGS = NO;
				SWIFT_VERSION = 5.0;
				TARGETED_DEVICE_FAMILY = "1,2";
				TEST_TARGET_NAME = "Telegram Music";
			};
			name = Release;
		};
/* End XCBuildConfiguration section */

/* Begin XCConfigurationList section */
		996E6228276E66A70062FD81 /* Build configuration list for PBXProject "Telegram Music" */ = {
			isa = XCConfigurationList;
			buildConfigurations = (
				996E6258276E66A70062FD81 /* Debug */,
				996E6259276E66A70062FD81 /* Release */,
			);
			defaultConfigurationIsVisible = 0;
			defaultConfigurationName = Release;
		};
		996E625A276E66A70062FD81 /* Build configuration list for PBXNativeTarget "Telegram Music" */ = {
			isa = XCConfigurationList;
			buildConfigurations = (
				996E625B276E66A70062FD81 /* Debug */,
				996E625C276E66A70062FD81 /* Release */,
			);
			defaultConfigurationIsVisible = 0;
			defaultConfigurationName = Release;
		};
		996E625D276E66A70062FD81 /* Build configuration list for PBXNativeTarget "Telegram MusicTests" */ = {
			isa = XCConfigurationList;
			buildConfigurations = (
				996E625E276E66A70062FD81 /* Debug */,
				996E625F276E66A70062FD81 /* Release */,
			);
			defaultConfigurationIsVisible = 0;
			defaultConfigurationName = Release;
		};
		996E6260276E66A70062FD81 /* Build configuration list for PBXNativeTarget "Telegram MusicUITests" */ = {
			isa = XCConfigurationList;
			buildConfigurations = (
				996E6261276E66A70062FD81 /* Debug */,
				996E6262276E66A70062FD81 /* Release */,
			);
			defaultConfigurationIsVisible = 0;
			defaultConfigurationName = Release;
		};
/* End XCConfigurationList section */

/* Begin XCVersionGroup section */
		996E6239276E66A70062FD81 /* Telegram_Music.xcdatamodeld */ = {
			isa = XCVersionGroup;
			children = (
				996E623A276E66A70062FD81 /* Telegram_Music.xcdatamodel */,
			);
			currentVersion = 996E623A276E66A70062FD81 /* Telegram_Music.xcdatamodel */;
			path = Telegram_Music.xcdatamodeld;
			sourceTree = "<group>";
			versionGroupType = wrapper.xcdatamodel;
		};
/* End XCVersionGroup section */
	};
	rootObject = 996E6225276E66A70062FD81 /* Project object */;
}
